
Microsoft Visual Studio Solution File, Format Version 12.00
# Visual Studio Version 17
VisualStudioVersion = 17.3.32819.101
MinimumVisualStudioVersion = 10.0.40219.1
Project("{FAE04EC0-301F-11D3-BF4B-00C04F79EFBC}") = "KolmRakendust_Tsybirev", "KolmRakendust_Tsybirev\KolmRakendust_Tsybirev.csproj", "{454EAB18-BEAE-4F69-970B-DC40E8F7E71C}"
EndProject
Global
	GlobalSection(SolutionConfigurationPlatforms) = preSolution
		Debug|Any CPU = Debug|Any CPU
		Release|Any CPU = Release|Any CPU
	EndGlobalSection
	GlobalSection(ProjectConfigurationPlatforms) = postSolution
		{454EAB18-BEAE-4F69-970B-DC40E8F7E71C}.Debug|Any CPU.ActiveCfg = Debug|Any CPU
		{454EAB18-BEAE-4F69-970B-DC40E8F7E71C}.Debug|Any CPU.Build.0 = Debug|Any CPU
		{454EAB18-BEAE-4F69-970B-DC40E8F7E71C}.Release|Any CPU.ActiveCfg = Release|Any CPU
		{454EAB18-BEAE-4F69-970B-DC40E8F7E71C}.Release|Any CPU.Build.0 = Release|Any CPU
	EndGlobalSection
	GlobalSection(SolutionProperties) = preSolution
		HideSolutionNode = FALSE
	EndGlobalSection
	GlobalSection(ExtensibilityGlobals) = postSolution
		SolutionGuid = {B58174BE-A56D-4455-BEEF-93DE10B5887E}
	EndGlobalSection
EndGlobal
